Microsoft Visual Studio Solution File, Format Version 12.00
# Visual Studio 2012
Project("{FAE04EC0-301F-11D3-BF4B-00C04F79EFBC}") = "Viewport To Compositor Effect Test", "Viewport To Compositor Effect Test.csproj", "{92EE9972-CA09-42CA-AD2B-E4054EA0C4E5}"
EndProject
Global
	GlobalSection(SolutionConfigurationPlatforms) = preSolution
	Debug|Any CPU = Debug|Any CPU
	ExportDebug|Any CPU = ExportDebug|Any CPU
	ExportRelease|Any CPU = ExportRelease|Any CPU
	EndGlobalSection
	GlobalSection(ProjectConfigurationPlatforms) = postSolution
		{92EE9972-CA09-42CA-AD2B-E4054EA0C4E5}.Debug|Any CPU.ActiveCfg = Debug|Any CPU
		{92EE9972-CA09-42CA-AD2B-E4054EA0C4E5}.Debug|Any CPU.Build.0 = Debug|Any CPU
		{92EE9972-CA09-42CA-AD2B-E4054EA0C4E5}.ExportDebug|Any CPU.ActiveCfg = ExportDebug|Any CPU
		{92EE9972-CA09-42CA-AD2B-E4054EA0C4E5}.ExportDebug|Any CPU.Build.0 = ExportDebug|Any CPU
		{92EE9972-CA09-42CA-AD2B-E4054EA0C4E5}.ExportRelease|Any CPU.ActiveCfg = ExportRelease|Any CPU
		{92EE9972-CA09-42CA-AD2B-E4054EA0C4E5}.ExportRelease|Any CPU.Build.0 = ExportRelease|Any CPU
	EndGlobalSection
EndGlobal
